// !$*UTF8*$!
{
	archiveVersion = 1;
	classes = {
	};
	objectVersion = 63;
	objects = {

/* Begin PBXBuildFile section */
		6F38EA2030C8ABEA95728530 /* Pods_Firebase.framework in Frameworks */ = {isa = PBXBuildFile; fileRef = 40FE74151C65955C0051AFBB /* Pods_Firebase.framework */; };
		B25FE4662D3AC95E006CCB79 /* AuthViewController.swift in Sources */ = {isa = PBXBuildFile; fileRef = B25FE4592D3AC95E006CCB79 /* AuthViewController.swift */; };
		B25FE4672D3AC95E006CCB79 /* RegisterViewController.swift in Sources */ = {isa = PBXBuildFile; fileRef = B25FE45A2D3AC95E006CCB79 /* RegisterViewController.swift */; };
		B25FE4682D3AC95E006CCB79 /* AppDelegate.swift in Sources */ = {isa = PBXBuildFile; fileRef = B25FE45C2D3AC95E006CCB79 /* AppDelegate.swift */; };
		B25FE4692D3AC95E006CCB79 /* SceneDelegate.swift in Sources */ = {isa = PBXBuildFile; fileRef = B25FE4642D3AC95E006CCB79 /* SceneDelegate.swift */; };
		B25FE46A2D3AC95E006CCB79 /* Assets.xcassets in Resources */ = {isa = PBXBuildFile; fileRef = B25FE45D2D3AC95E006CCB79 /* Assets.xcassets */; };
		B25FE46B2D3AC95E006CCB79 /* GoogleService-Info.plist in Resources */ = {isa = PBXBuildFile; fileRef = B25FE45E2D3AC95E006CCB79 /* GoogleService-Info.plist */; };
		B25FE46D2D3AC95E006CCB79 /* LaunchScreen.storyboard in Resources */ = {isa = PBXBuildFile; fileRef = B25FE4612D3AC95E006CCB79 /* LaunchScreen.storyboard */; };
		B25FE46E2D3AC95E006CCB79 /* Main.storyboard in Resources */ = {isa = PBXBuildFile; fileRef = B25FE4632D3AC95E006CCB79 /* Main.storyboard */; };
		B25FE4712D3AC979006CCB79 /* User.swift in Sources */ = {isa = PBXBuildFile; fileRef = B25FE4702D3AC979006CCB79 /* User.swift */; };
		B28EDB022D40002E00991EDF /* InitViewController.swift in Sources */ = {isa = PBXBuildFile; fileRef = B28EDB012D40002E00991EDF /* InitViewController.swift */; };
		B2B6CB482D414ACF0001D313 /* SessionManager.swift in Sources */ = {isa = PBXBuildFile; fileRef = B2B6CB472D414ACF0001D313 /* SessionManager.swift */; };
		B2B6CB4E2D415D5A0001D313 /* TabViewController.swift in Sources */ = {isa = PBXBuildFile; fileRef = B2B6CB4D2D415D5A0001D313 /* TabViewController.swift */; };
		B2B6CB512D415F000001D313 /* SettingsViewController.swift in Sources */ = {isa = PBXBuildFile; fileRef = B2B6CB502D415F000001D313 /* SettingsViewController.swift */; };
		B2B6CB532D4164540001D313 /* showMessage.swift in Sources */ = {isa = PBXBuildFile; fileRef = B2B6CB522D4164540001D313 /* showMessage.swift */; };
/* End PBXBuildFile section */

/* Begin PBXFileReference section */
		05304D31AC6D9A0CDFE03ABD /* Pods-Firebase.debug.xcconfig */ = {isa = PBXFileReference; includeInIndex = 1; lastKnownFileType = text.xcconfig; name = "Pods-Firebase.debug.xcconfig"; path = "Target Support Files/Pods-Firebase/Pods-Firebase.debug.xcconfig"; sourceTree = "<group>"; };
		288AFB1A41FDC8B6FA3CAFAA /* Pods-Firebase.release.xcconfig */ = {isa = PBXFileReference; includeInIndex = 1; lastKnownFileType = text.xcconfig; name = "Pods-Firebase.release.xcconfig"; path = "Target Support Files/Pods-Firebase/Pods-Firebase.release.xcconfig"; sourceTree = "<group>"; };
		40FE74151C65955C0051AFBB /* Pods_Firebase.framework */ = {isa = PBXFileReference; explicitFileType = wrapper.framework; includeInIndex = 0; path = Pods_Firebase.framework; sourceTree = BUILT_PRODUCTS_DIR; };
		B25FE4592D3AC95E006CCB79 /* AuthViewController.swift */ = {isa = PBXFileReference; lastKnownFileType = sourcecode.swift; path = AuthViewController.swift; sourceTree = "<group>"; };
		B25FE45A2D3AC95E006CCB79 /* RegisterViewController.swift */ = {isa = PBXFileReference; lastKnownFileType = sourcecode.swift; path = RegisterViewController.swift; sourceTree = "<group>"; };
		B25FE45C2D3AC95E006CCB79 /* AppDelegate.swift */ = {isa = PBXFileReference; lastKnownFileType = sourcecode.swift; path = AppDelegate.swift; sourceTree = "<group>"; };
		B25FE45D2D3AC95E006CCB79 /* Assets.xcassets */ = {isa = PBXFileReference; lastKnownFileType = folder.assetcatalog; path = Assets.xcassets; sourceTree = "<group>"; };
		B25FE45E2D3AC95E006CCB79 /* GoogleService-Info.plist */ = {isa = PBXFileReference; lastKnownFileType = text.plist.xml; path = "GoogleService-Info.plist"; sourceTree = "<group>"; };
		B25FE45F2D3AC95E006CCB79 /* Info.plist */ = {isa = PBXFileReference; lastKnownFileType = text.plist.xml; path = Info.plist; sourceTree = "<group>"; };
		B25FE4602D3AC95E006CCB79 /* Base */ = {isa = PBXFileReference; lastKnownFileType = file.storyboard; name = Base; path = Base.lproj/LaunchScreen.storyboard; sourceTree = "<group>"; };
		B25FE4622D3AC95E006CCB79 /* Base */ = {isa = PBXFileReference; lastKnownFileType = file.storyboard; name = Base; path = Base.lproj/Main.storyboard; sourceTree = "<group>"; };
		B25FE4642D3AC95E006CCB79 /* SceneDelegate.swift */ = {isa = PBXFileReference; lastKnownFileType = sourcecode.swift; path = SceneDelegate.swift; sourceTree = "<group>"; };
		B25FE4702D3AC979006CCB79 /* User.swift */ = {isa = PBXFileReference; lastKnownFileType = sourcecode.swift; path = User.swift; sourceTree = "<group>"; };
		B28EDB012D40002E00991EDF /* InitViewController.swift */ = {isa = PBXFileReference; lastKnownFileType = sourcecode.swift; path = InitViewController.swift; sourceTree = "<group>"; };
		B2B6CB472D414ACF0001D313 /* SessionManager.swift */ = {isa = PBXFileReference; lastKnownFileType = sourcecode.swift; path = SessionManager.swift; sourceTree = "<group>"; };
		B2B6CB4D2D415D5A0001D313 /* TabViewController.swift */ = {isa = PBXFileReference; lastKnownFileType = sourcecode.swift; path = TabViewController.swift; sourceTree = "<group>"; };
		B2B6CB502D415F000001D313 /* SettingsViewController.swift */ = {isa = PBXFileReference; lastKnownFileType = sourcecode.swift; path = SettingsViewController.swift; sourceTree = "<group>"; };
		B2B6CB522D4164540001D313 /* showMessage.swift */ = {isa = PBXFileReference; lastKnownFileType = sourcecode.swift; path = showMessage.swift; sourceTree = "<group>"; };
		B2DFAFBC2D356AC50079D28F /* Firebase.app */ = {isa = PBXFileReference; explicitFileType = wrapper.application; includeInIndex = 0; path = Firebase.app; sourceTree = BUILT_PRODUCTS_DIR; };
/* End PBXFileReference section */

/* Begin PBXFrameworksBuildPhase section */
		B2DFAFB92D356AC50079D28F /* Frameworks */ = {
			isa = PBXFrameworksBuildPhase;
			buildActionMask = 2147483647;
			files = (
				6F38EA2030C8ABEA95728530 /* Pods_Firebase.framework in Frameworks */,
			);
			runOnlyForDeploymentPostprocessing = 0;
		};
/* End PBXFrameworksBuildPhase section */

/* Begin PBXGroup section */
		070491727D424D488A02E89D /* Frameworks */ = {
			isa = PBXGroup;
			children = (
				40FE74151C65955C0051AFBB /* Pods_Firebase.framework */,
			);
			name = Frameworks;
			sourceTree = "<group>";
		};
		B25FE45B2D3AC95E006CCB79 /* ViewControllers */ = {
			isa = PBXGroup;
			children = (
				B25FE4592D3AC95E006CCB79 /* AuthViewController.swift */,
				B25FE45A2D3AC95E006CCB79 /* RegisterViewController.swift */,
				B28EDB012D40002E00991EDF /* InitViewController.swift */,
				B2B6CB4D2D415D5A0001D313 /* TabViewController.swift */,
				B2B6CB4F2D415EC30001D313 /* TabViewControllers */,
			);
			path = ViewControllers;
			sourceTree = "<group>";
		};
		B25FE4652D3AC95E006CCB79 /* Firebase */ = {
			isa = PBXGroup;
			children = (
				B2B6CB462D414AAB0001D313 /* Utils */,
				B25FE46F2D3AC963006CCB79 /* Data */,
				B25FE45B2D3AC95E006CCB79 /* ViewControllers */,
				B25FE45C2D3AC95E006CCB79 /* AppDelegate.swift */,
				B25FE45D2D3AC95E006CCB79 /* Assets.xcassets */,
				B25FE45E2D3AC95E006CCB79 /* GoogleService-Info.plist */,
				B25FE45F2D3AC95E006CCB79 /* Info.plist */,
				B25FE4612D3AC95E006CCB79 /* LaunchScreen.storyboard */,
				B25FE4632D3AC95E006CCB79 /* Main.storyboard */,
				B25FE4642D3AC95E006CCB79 /* SceneDelegate.swift */,
			);
			path = Firebase;
			sourceTree = "<group>";
		};
		B25FE46F2D3AC963006CCB79 /* Data */ = {
			isa = PBXGroup;
			children = (
				B25FE4702D3AC979006CCB79 /* User.swift */,
			);
			path = Data;
			sourceTree = "<group>";
		};
		B2B6CB462D414AAB0001D313 /* Utils */ = {
			isa = PBXGroup;
			children = (
				B2B6CB472D414ACF0001D313 /* SessionManager.swift */,
				B2B6CB522D4164540001D313 /* showMessage.swift */,
			);
			path = Utils;
			sourceTree = "<group>";
		};
		B2B6CB4F2D415EC30001D313 /* TabViewControllers */ = {
			isa = PBXGroup;
			children = (
				B2B6CB502D415F000001D313 /* SettingsViewController.swift */,
			);
			path = TabViewControllers;
			sourceTree = "<group>";
		};
		B2DFAFB32D356AC50079D28F = {
			isa = PBXGroup;
			children = (
				B25FE4652D3AC95E006CCB79 /* Firebase */,
				B2DFAFBD2D356AC50079D28F /* Products */,
				EF8D19072667D4F1F2D9595E /* Pods */,
				070491727D424D488A02E89D /* Frameworks */,
			);
			sourceTree = "<group>";
		};
		B2DFAFBD2D356AC50079D28F /* Products */ = {
			isa = PBXGroup;
			children = (
				B2DFAFBC2D356AC50079D28F /* Firebase.app */,
			);
			name = Products;
			sourceTree = "<group>";
		};
		EF8D19072667D4F1F2D9595E /* Pods */ = {
			isa = PBXGroup;
			children = (
				05304D31AC6D9A0CDFE03ABD /* Pods-Firebase.debug.xcconfig */,
				288AFB1A41FDC8B6FA3CAFAA /* Pods-Firebase.release.xcconfig */,
			);
			path = Pods;
			sourceTree = "<group>";
		};
/* End PBXGroup section */

/* Begin PBXNativeTarget section */
		B2DFAFBB2D356AC50079D28F /* Firebase */ = {
			isa = PBXNativeTarget;
			buildConfigurationList = B2DFAFCF2D356AC60079D28F /* Build configuration list for PBXNativeTarget "Firebase" */;
			buildPhases = (
				27F41A3EB5C2C35150361B59 /* [CP] Check Pods Manifest.lock */,
				B2DFAFB82D356AC50079D28F /* Sources */,
				B2DFAFB92D356AC50079D28F /* Frameworks */,
				B2DFAFBA2D356AC50079D28F /* Resources */,
				8494D89989BE24C6DEBDEC0C /* [CP] Embed Pods Frameworks */,
			);
			buildRules = (
			);
			dependencies = (
			);
			name = Firebase;
			productName = Firebase;
			productReference = B2DFAFBC2D356AC50079D28F /* Firebase.app */;
			productType = "com.apple.product-type.application";
		};
/* End PBXNativeTarget section */

/* Begin PBXProject section */
		B2DFAFB42D356AC50079D28F /* Project object */ = {
			isa = PBXProject;
			attributes = {
				BuildIndependentTargetsInParallel = 1;
				LastSwiftUpdateCheck = 1610;
				LastUpgradeCheck = 1610;
				TargetAttributes = {
					B2DFAFBB2D356AC50079D28F = {
						CreatedOnToolsVersion = 16.1;
					};
				};
			};
			buildConfigurationList = B2DFAFB72D356AC50079D28F /* Build configuration list for PBXProject "Firebase" */;
			compatibilityVersion = "Xcode 15.3";
			developmentRegion = en;
			hasScannedForEncodings = 0;
			knownRegions = (
				en,
				Base,
			);
			mainGroup = B2DFAFB32D356AC50079D28F;
			minimizedProjectReferenceProxies = 1;
			productRefGroup = B2DFAFBD2D356AC50079D28F /* Products */;
			projectDirPath = "";
			projectRoot = "";
			targets = (
				B2DFAFBB2D356AC50079D28F /* Firebase */,
			);
		};
/* End PBXProject section */

/* Begin PBXResourcesBuildPhase section */
		B2DFAFBA2D356AC50079D28F /* Resources */ = {
			isa = PBXResourcesBuildPhase;
			buildActionMask = 2147483647;
			files = (
				B25FE46A2D3AC95E006CCB79 /* Assets.xcassets in Resources */,
				B25FE46B2D3AC95E006CCB79 /* GoogleService-Info.plist in Resources */,
				B25FE46D2D3AC95E006CCB79 /* LaunchScreen.storyboard in Resources */,
				B25FE46E2D3AC95E006CCB79 /* Main.storyboard in Resources */,
			);
			runOnlyForDeploymentPostprocessing = 0;
		};
/* End PBXResourcesBuildPhase section */

/* Begin PBXShellScriptBuildPhase section */
		27F41A3EB5C2C35150361B59 /* [CP] Check Pods Manifest.lock */ = {
			isa = PBXShellScriptBuildPhase;
			buildActionMask = 2147483647;
			files = (
			);
			inputFileListPaths = (
			);
			inputPaths = (
				"${PODS_PODFILE_DIR_PATH}/Podfile.lock",
				"${PODS_ROOT}/Manifest.lock",
			);
			name = "[CP] Check Pods Manifest.lock";
			outputFileListPaths = (
			);
			outputPaths = (
				"$(DERIVED_FILE_DIR)/Pods-Firebase-checkManifestLockResult.txt",
			);
			runOnlyForDeploymentPostprocessing = 0;
			shellPath = /bin/sh;
			shellScript = "diff \"${PODS_PODFILE_DIR_PATH}/Podfile.lock\" \"${PODS_ROOT}/Manifest.lock\" > /dev/null\nif [ $? != 0 ] ; then\n    # print error to STDERR\n    echo \"error: The sandbox is not in sync with the Podfile.lock. Run 'pod install' or update your CocoaPods installation.\" >&2\n    exit 1\nfi\n# This output is used by Xcode 'outputs' to avoid re-running this script phase.\necho \"SUCCESS\" > \"${SCRIPT_OUTPUT_FILE_0}\"\n";
			showEnvVarsInLog = 0;
		};
		8494D89989BE24C6DEBDEC0C /* [CP] Embed Pods Frameworks */ = {
			isa = PBXShellScriptBuildPhase;
			buildActionMask = 2147483647;
			files = (
			);
			inputFileListPaths = (
				"${PODS_ROOT}/Target Support Files/Pods-Firebase/Pods-Firebase-frameworks-${CONFIGURATION}-input-files.xcfilelist",
			);
			name = "[CP] Embed Pods Frameworks";
			outputFileListPaths = (
				"${PODS_ROOT}/Target Support Files/Pods-Firebase/Pods-Firebase-frameworks-${CONFIGURATION}-output-files.xcfilelist",
			);
			runOnlyForDeploymentPostprocessing = 0;
			shellPath = /bin/sh;
			shellScript = "\"${PODS_ROOT}/Target Support Files/Pods-Firebase/Pods-Firebase-frameworks.sh\"\n";
			showEnvVarsInLog = 0;
		};
/* End PBXShellScriptBuildPhase section */

/* Begin PBXSourcesBuildPhase section */
		B2DFAFB82D356AC50079D28F /* Sources */ = {
			isa = PBXSourcesBuildPhase;
			buildActionMask = 2147483647;
			files = (
				B2B6CB4E2D415D5A0001D313 /* TabViewController.swift in Sources */,
				B25FE4662D3AC95E006CCB79 /* AuthViewController.swift in Sources */,
				B2B6CB532D4164540001D313 /* showMessage.swift in Sources */,
				B25FE4672D3AC95E006CCB79 /* RegisterViewController.swift in Sources */,
				B28EDB022D40002E00991EDF /* InitViewController.swift in Sources */,
				B25FE4682D3AC95E006CCB79 /* AppDelegate.swift in Sources */,
				B25FE4712D3AC979006CCB79 /* User.swift in Sources */,
				B25FE4692D3AC95E006CCB79 /* SceneDelegate.swift in Sources */,
				B2B6CB482D414ACF0001D313 /* SessionManager.swift in Sources */,
				B2B6CB512D415F000001D313 /* SettingsViewController.swift in Sources */,
			);
			runOnlyForDeploymentPostprocessing = 0;
		};
/* End PBXSourcesBuildPhase section */

/* Begin PBXVariantGroup section */
		B25FE4612D3AC95E006CCB79 /* LaunchScreen.storyboard */ = {
			isa = PBXVariantGroup;
			children = (
				B25FE4602D3AC95E006CCB79 /* Base */,
			);
			name = LaunchScreen.storyboard;
			sourceTree = "<group>";
		};
		B25FE4632D3AC95E006CCB79 /* Main.storyboard */ = {
			isa = PBXVariantGroup;
			children = (
				B25FE4622D3AC95E006CCB79 /* Base */,
			);
			name = Main.storyboard;
			sourceTree = "<group>";
		};
/* End PBXVariantGroup section */

/* Begin XCBuildConfiguration section */
		B2DFAFD02D356AC60079D28F /* Debug */ = {
			isa = XCBuildConfiguration;
			baseConfigurationReference = 05304D31AC6D9A0CDFE03ABD /* Pods-Firebase.debug.xcconfig */;
			buildSettings = {
				ASSETCATALOG_COMPILER_APPICON_NAME = AppIcon;
				ASSETCATALOG_COMPILER_GLOBAL_ACCENT_COLOR_NAME = AccentColor;
				CODE_SIGN_STYLE = Automatic;
				CURRENT_PROJECT_VERSION = 1;
				GENERATE_INFOPLIST_FILE = YES;
				INFOPLIST_FILE = Firebase/Info.plist;
				INFOPLIST_KEY_UIApplicationSupportsIndirectInputEvents = YES;
				INFOPLIST_KEY_UILaunchStoryboardName = LaunchScreen;
				INFOPLIST_KEY_UIMainStoryboardFile = Main;
				INFOPLIST_KEY_UISupportedInterfaceOrientations_iPad = "UIInterfaceOrientationPortrait UIInterfaceOrientationPortraitUpsideDown UIInterfaceOrientationLandscapeLeft UIInterfaceOrientationLandscapeRight";
				INFOPLIST_KEY_UISupportedInterfaceOrientations_iPhone = "UIInterfaceOrientationPortrait UIInterfaceOrientationLandscapeLeft UIInterfaceOrientationLandscapeRight";
				IPHONEOS_DEPLOYMENT_TARGET = 15.6;
				LD_RUNPATH_SEARCH_PATHS = (
					"$(inherited)",
					"@executable_path/Frameworks",
				);
				MARKETING_VERSION = 1.0;
				PRODUCT_BUNDLE_IDENTIFIER = com.example.Firebase;
				PRODUCT_NAME = "$(TARGET_NAME)";
				SWIFT_EMIT_LOC_STRINGS = YES;
				SWIFT_VERSION = 5.0;
				TARGETED_DEVICE_FAMILY = "1,2";
			};
			name = Debug;
		};
		B2DFAFD12D356AC60079D28F /* Release */ = {
			isa = XCBuildConfiguration;
			baseConfigurationReference = 288AFB1A41FDC8B6FA3CAFAA /* Pods-Firebase.release.xcconfig */;
			buildSettings = {
				ASSETCATALOG_COMPILER_APPICON_NAME = AppIcon;
				ASSETCATALOG_COMPILER_GLOBAL_ACCENT_COLOR_NAME = AccentColor;
				CODE_SIGN_STYLE = Automatic;
				CURRENT_PROJECT_VERSION = 1;
				GENERATE_INFOPLIST_FILE = YES;
				INFOPLIST_FILE = Firebase/Info.plist;
				INFOPLIST_KEY_UIApplicationSupportsIndirectInputEvents = YES;
				INFOPLIST_KEY_UILaunchStoryboardName = LaunchScreen;
				INFOPLIST_KEY_UIMainStoryboardFile = Main;
				INFOPLIST_KEY_UISupportedInterfaceOrientations_iPad = "UIInterfaceOrientationPortrait UIInterfaceOrientationPortraitUpsideDown UIInterfaceOrientationLandscapeLeft UIInterfaceOrientationLandscapeRight";
				INFOPLIST_KEY_UISupportedInterfaceOrientations_iPhone = "UIInterfaceOrientationPortrait UIInterfaceOrientationLandscapeLeft UIInterfaceOrientationLandscapeRight";
				IPHONEOS_DEPLOYMENT_TARGET = 15.6;
				LD_RUNPATH_SEARCH_PATHS = (
					"$(inherited)",
					"@executable_path/Frameworks",
				);
				MARKETING_VERSION = 1.0;
				PRODUCT_BUNDLE_IDENTIFIER = com.example.Firebase;
				PRODUCT_NAME = "$(TARGET_NAME)";
				SWIFT_EMIT_LOC_STRINGS = YES;
				SWIFT_VERSION = 5.0;
				TARGETED_DEVICE_FAMILY = "1,2";
			};
			name = Release;
		};
		B2DFAFD22D356AC60079D28F /* Debug */ = {
			isa = XCBuildConfiguration;
			buildSettings = {
				ALWAYS_SEARCH_USER_PATHS = NO;
				ASSETCATALOG_COMPILER_GENERATE_SWIFT_ASSET_SYMBOL_EXTENSIONS = YES;
				CLANG_ANALYZER_NONNULL = YES;
				CLANG_ANALYZER_NUMBER_OBJECT_CONVERSION = YES_AGGRESSIVE;
				CLANG_CXX_LANGUAGE_STANDARD = "gnu++20";
				CLANG_ENABLE_MODULES = YES;
				CLANG_ENABLE_OBJC_ARC = YES;
				CLANG_ENABLE_OBJC_WEAK = YES;
				CLANG_WARN_BLOCK_CAPTURE_AUTORELEASING = YES;
				CLANG_WARN_BOOL_CONVERSION = YES;
				CLANG_WARN_COMMA = YES;
				CLANG_WARN_CONSTANT_CONVERSION = YES;
				CLANG_WARN_DEPRECATED_OBJC_IMPLEMENTATIONS = YES;
				CLANG_WARN_DIRECT_OBJC_ISA_USAGE = YES_ERROR;
				CLANG_WARN_DOCUMENTATION_COMMENTS = YES;
				CLANG_WARN_EMPTY_BODY = YES;
				CLANG_WARN_ENUM_CONVERSION = YES;
				CLANG_WARN_INFINITE_RECURSION = YES;
				CLANG_WARN_INT_CONVERSION = YES;
				CLANG_WARN_NON_LITERAL_NULL_CONVERSION = YES;
				CLANG_WARN_OBJC_IMPLICIT_RETAIN_SELF = YES;
				CLANG_WARN_OBJC_LITERAL_CONVERSION = YES;
				CLANG_WARN_OBJC_ROOT_CLASS = YES_ERROR;
				CLANG_WARN_QUOTED_INCLUDE_IN_FRAMEWORK_HEADER = YES;
				CLANG_WARN_RANGE_LOOP_ANALYSIS = YES;
				CLANG_WARN_STRICT_PROTOTYPES = YES;
				CLANG_WARN_SUSPICIOUS_MOVE = YES;
				CLANG_WARN_UNGUARDED_AVAILABILITY = YES_AGGRESSIVE;
				CLANG_WARN_UNREACHABLE_CODE = YES;
				CLANG_WARN__DUPLICATE_METHOD_MATCH = YES;
				COPY_PHASE_STRIP = NO;
				DEBUG_INFORMATION_FORMAT = dwarf;
				ENABLE_STRICT_OBJC_MSGSEND = YES;
				ENABLE_TESTABILITY = YES;
				ENABLE_USER_SCRIPT_SANDBOXING = NO;
				GCC_C_LANGUAGE_STANDARD = gnu17;
				GCC_DYNAMIC_NO_PIC = NO;
				GCC_NO_COMMON_BLOCKS = YES;
				GCC_OPTIMIZATION_LEVEL = 0;
				GCC_PREPROCESSOR_DEFINITIONS = (
					"DEBUG=1",
					"$(inherited)",
				);
				GCC_WARN_64_TO_32_BIT_CONVERSION = YES;
				GCC_WARN_ABOUT_RETURN_TYPE = YES_ERROR;
				GCC_WARN_UNDECLARED_SELECTOR = YES;
				GCC_WARN_UNINITIALIZED_AUTOS = YES_AGGRESSIVE;
				GCC_WARN_UNUSED_FUNCTION = YES;
				GCC_WARN_UNUSED_VARIABLE = YES;
				IPHONEOS_DEPLOYMENT_TARGET = 18.1;
				LOCALIZATION_PREFERS_STRING_CATALOGS = YES;
				MTL_ENABLE_DEBUG_INFO = INCLUDE_SOURCE;
				MTL_FAST_MATH = YES;
				ONLY_ACTIVE_ARCH = YES;
				SDKROOT = iphoneos;
				SWIFT_ACTIVE_COMPILATION_CONDITIONS = "DEBUG $(inherited)";
				SWIFT_OPTIMIZATION_LEVEL = "-Onone";
			};
			name = Debug;
		};
		B2DFAFD32D356AC60079D28F /* Release */ = {
			isa = XCBuildConfiguration;
			buildSettings = {
				ALWAYS_SEARCH_USER_PATHS = NO;
				ASSETCATALOG_COMPILER_GENERATE_SWIFT_ASSET_SYMBOL_EXTENSIONS = YES;
				CLANG_ANALYZER_NONNULL = YES;
				CLANG_ANALYZER_NUMBER_OBJECT_CONVERSION = YES_AGGRESSIVE;
				CLANG_CXX_LANGUAGE_STANDARD = "gnu++20";
				CLANG_ENABLE_MODULES = YES;
				CLANG_ENABLE_OBJC_ARC = YES;
				CLANG_ENABLE_OBJC_WEAK = YES;
				CLANG_WARN_BLOCK_CAPTURE_AUTORELEASING = YES;
				CLANG_WARN_BOOL_CONVERSION = YES;
				CLANG_WARN_COMMA = YES;
				CLANG_WARN_CONSTANT_CONVERSION = YES;
				CLANG_WARN_DEPRECATED_OBJC_IMPLEMENTATIONS = YES;
				CLANG_WARN_DIRECT_OBJC_ISA_USAGE = YES_ERROR;
				CLANG_WARN_DOCUMENTATION_COMMENTS = YES;
				CLANG_WARN_EMPTY_BODY = YES;
				CLANG_WARN_ENUM_CONVERSION = YES;
				CLANG_WARN_INFINITE_RECURSION = YES;
				CLANG_WARN_INT_CONVERSION = YES;
				CLANG_WARN_NON_LITERAL_NULL_CONVERSION = YES;
				CLANG_WARN_OBJC_IMPLICIT_RETAIN_SELF = YES;
				CLANG_WARN_OBJC_LITERAL_CONVERSION = YES;
				CLANG_WARN_OBJC_ROOT_CLASS = YES_ERROR;
				CLANG_WARN_QUOTED_INCLUDE_IN_FRAMEWORK_HEADER = YES;
				CLANG_WARN_RANGE_LOOP_ANALYSIS = YES;
				CLANG_WARN_STRICT_PROTOTYPES = YES;
				CLANG_WARN_SUSPICIOUS_MOVE = YES;
				CLANG_WARN_UNGUARDED_AVAILABILITY = YES_AGGRESSIVE;
				CLANG_WARN_UNREACHABLE_CODE = YES;
				CLANG_WARN__DUPLICATE_METHOD_MATCH = YES;
				COPY_PHASE_STRIP = NO;
				DEBUG_INFORMATION_FORMAT = "dwarf-with-dsym";
				ENABLE_NS_ASSERTIONS = NO;
				ENABLE_STRICT_OBJC_MSGSEND = YES;
				ENABLE_USER_SCRIPT_SANDBOXING = NO;
				GCC_C_LANGUAGE_STANDARD = gnu17;
				GCC_NO_COMMON_BLOCKS = YES;
				GCC_WARN_64_TO_32_BIT_CONVERSION = YES;
				GCC_WARN_ABOUT_RETURN_TYPE = YES_ERROR;
				GCC_WARN_UNDECLARED_SELECTOR = YES;
				GCC_WARN_UNINITIALIZED_AUTOS = YES_AGGRESSIVE;
				GCC_WARN_UNUSED_FUNCTION = YES;
				GCC_WARN_UNUSED_VARIABLE = YES;
				IPHONEOS_DEPLOYMENT_TARGET = 18.1;
				LOCALIZATION_PREFERS_STRING_CATALOGS = YES;
				MTL_ENABLE_DEBUG_INFO = NO;
				MTL_FAST_MATH = YES;
				SDKROOT = iphoneos;
				SWIFT_COMPILATION_MODE = wholemodule;
				VALIDATE_PRODUCT = YES;
			};
			name = Release;
		};
/* End XCBuildConfiguration section */

/* Begin XCConfigurationList section */
		B2DFAFB72D356AC50079D28F /* Build configuration list for PBXProject "Firebase" */ = {
			isa = XCConfigurationList;
			buildConfigurations = (
				B2DFAFD22D356AC60079D28F /* Debug */,
				B2DFAFD32D356AC60079D28F /* Release */,
			);
			defaultConfigurationIsVisible = 0;
			defaultConfigurationName = Release;
		};
		B2DFAFCF2D356AC60079D28F /* Build configuration list for PBXNativeTarget "Firebase" */ = {
			isa = XCConfigurationList;
			buildConfigurations = (
				B2DFAFD02D356AC60079D28F /* Debug */,
				B2DFAFD12D356AC60079D28F /* Release */,
			);
			defaultConfigurationIsVisible = 0;
			defaultConfigurationName = Release;
		};
/* End XCConfigurationList section */
	};
	rootObject = B2DFAFB42D356AC50079D28F /* Project object */;
}
